dependencies:
- name: ui
  repository: https://raw.githubusercontent.com/kochetovd/helm-charts-hw/master
  version: 1.1.2
- name: post
  repository: https://raw.githubusercontent.com/kochetovd/helm-charts-hw/master
  version: 1.1.1
- name: comment
  repository: https://raw.githubusercontent.com/kochetovd/helm-charts-hw/master
  version: 1.1.1
- name: mongodb
  repository: https://kubernetes-charts.storage.googleapis.com
  version: 0.4.18
digest: sha256:2329a99ca8c7673a3ccbb3aa5c484daf0700001681ce6b1ad3d5f7aba77699d4
generated: "2019-11-25T13:00:01.878335632+03:00"
